// !$*UTF8*$!
{
	archiveVersion = 1;
	classes = {
	};
	objectVersion = 50;
	objects = {

/* Begin PBXBuildFile section */
		641B1610280F6F7E00C0D376 /* AppDelegate.swift in Sources */ = {isa = PBXBuildFile; fileRef = 641B160F280F6F7E00C0D376 /* AppDelegate.swift */; };
		641B1612280F6F7E00C0D376 /* SceneDelegate.swift in Sources */ = {isa = PBXBuildFile; fileRef = 641B1611280F6F7E00C0D376 /* SceneDelegate.swift */; };
		641B1614280F6F7E00C0D376 /* ViewController.swift in Sources */ = {isa = PBXBuildFile; fileRef = 641B1613280F6F7E00C0D376 /* ViewController.swift */; };
		641B1617280F6F7E00C0D376 /* Main.storyboard in Resources */ = {isa = PBXBuildFile; fileRef = 641B1615280F6F7E00C0D376 /* Main.storyboard */; };
		641B1619280F6F7F00C0D376 /* Assets.xcassets in Resources */ = {isa = PBXBuildFile; fileRef = 641B1618280F6F7F00C0D376 /* Assets.xcassets */; };
		641B161C280F6F7F00C0D376 /* LaunchScreen.storyboard in Resources */ = {isa = PBXBuildFile; fileRef = 641B161A280F6F7F00C0D376 /* LaunchScreen.storyboard */; };
		641B1624280F798300C0D376 /* CaptionOption.swift in Sources */ = {isa = PBXBuildFile; fileRef = 641B1623280F798300C0D376 /* CaptionOption.swift */; };
/* End PBXBuildFile section */

/* Begin PBXFileReference section */
		641B160C280F6F7E00C0D376 /* mememaker.app */ = {isa = PBXFileReference; explicitFileType = wrapper.application; includeInIndex = 0; path = mememaker.app; sourceTree = BUILT_PRODUCTS_DIR; };
		641B160F280F6F7E00C0D376 /* AppDelegate.swift */ = {isa = PBXFileReference; lastKnownFileType = sourcecode.swift; path = AppDelegate.swift; sourceTree = "<group>"; };
		641B1611280F6F7E00C0D376 /* SceneDelegate.swift */ = {isa = PBXFileReference; lastKnownFileType = sourcecode.swift; path = SceneDelegate.swift; sourceTree = "<group>"; };
		641B1613280F6F7E00C0D376 /* ViewController.swift */ = {isa = PBXFileReference; lastKnownFileType = sourcecode.swift; path = ViewController.swift; sourceTree = "<group>"; };
		641B1616280F6F7E00C0D376 /* Base */ = {isa = PBXFileReference; lastKnownFileType = file.storyboard; name = Base; path = Base.lproj/Main.storyboard; sourceTree = "<group>"; };
		641B1618280F6F7F00C0D376 /* Assets.xcassets */ = {isa = PBXFileReference; lastKnownFileType = folder.assetcatalog; path = Assets.xcassets; sourceTree = "<group>"; };
		641B161B280F6F7F00C0D376 /* Base */ = {isa = PBXFileReference; lastKnownFileType = file.storyboard; name = Base; path = Base.lproj/LaunchScreen.storyboard; sourceTree = "<group>"; };
		641B161D280F6F7F00C0D376 /* Info.plist */ = {isa = PBXFileReference; lastKnownFileType = text.plist.xml; path = Info.plist; sourceTree = "<group>"; };
		641B1623280F798300C0D376 /* CaptionOption.swift */ = {isa = PBXFileReference; lastKnownFileType = sourcecode.swift; path = CaptionOption.swift; sourceTree = "<group>"; };
/* End PBXFileReference section */

/* Begin PBXFrameworksBuildPhase section */
		641B1609280F6F7E00C0D376 /* Frameworks */ = {
			isa = PBXFrameworksBuildPhase;
			buildActionMask = 2147483647;
			files = (
			);
			runOnlyForDeploymentPostprocessing = 0;
		};
/* End PBXFrameworksBuildPhase section */

/* Begin PBXGroup section */
		641B1603280F6F7E00C0D376 = {
			isa = PBXGroup;
			children = (
				641B160E280F6F7E00C0D376 /* mememaker */,
				641B160D280F6F7E00C0D376 /* Products */,
			);
			sourceTree = "<group>";
		};
		641B160D280F6F7E00C0D376 /* Products */ = {
			isa = PBXGroup;
			children = (
				641B160C280F6F7E00C0D376 /* mememaker.app */,
			);
			name = Products;
			sourceTree = "<group>";
		};
		641B160E280F6F7E00C0D376 /* mememaker */ = {
			isa = PBXGroup;
			children = (
				641B160F280F6F7E00C0D376 /* AppDelegate.swift */,
				641B1611280F6F7E00C0D376 /* SceneDelegate.swift */,
				641B1613280F6F7E00C0D376 /* ViewController.swift */,
				641B1615280F6F7E00C0D376 /* Main.storyboard */,
				641B1618280F6F7F00C0D376 /* Assets.xcassets */,
				641B161A280F6F7F00C0D376 /* LaunchScreen.storyboard */,
				641B161D280F6F7F00C0D376 /* Info.plist */,
				641B1623280F798300C0D376 /* CaptionOption.swift */,
			);
			path = mememaker;
			sourceTree = "<group>";
		};
/* End PBXGroup section */

/* Begin PBXNativeTarget section */
		641B160B280F6F7E00C0D376 /* mememaker */ = {
			isa = PBXNativeTarget;
			buildConfigurationList = 641B1620280F6F7F00C0D376 /* Build configuration list for PBXNativeTarget "mememaker" */;
			buildPhases = (
				641B1608280F6F7E00C0D376 /* Sources */,
				641B1609280F6F7E00C0D376 /* Frameworks */,
				641B160A280F6F7E00C0D376 /* Resources */,
			);
			buildRules = (
			);
			dependencies = (
			);
			name = mememaker;
			productName = mememaker;
			productReference = 641B160C280F6F7E00C0D376 /* mememaker.app */;
			productType = "com.apple.product-type.application";
		};
/* End PBXNativeTarget section */

/* Begin PBXProject section */
		641B1604280F6F7E00C0D376 /* Project object */ = {
			isa = PBXProject;
			attributes = {
				LastSwiftUpdateCheck = 1130;
				LastUpgradeCheck = 1130;
				ORGANIZATIONNAME = Aluno02;
				TargetAttributes = {
					641B160B280F6F7E00C0D376 = {
						CreatedOnToolsVersion = 11.3;
					};
				};
			};
			buildConfigurationList = 641B1607280F6F7E00C0D376 /* Build configuration list for PBXProject "mememaker" */;
			compatibilityVersion = "Xcode 9.3";
			developmentRegion = en;
			hasScannedForEncodings = 0;
			knownRegions = (
				en,
				Base,
			);
			mainGroup = 641B1603280F6F7E00C0D376;
			productRefGroup = 641B160D280F6F7E00C0D376 /* Products */;
			projectDirPath = "";
			projectRoot = "";
			targets = (
				641B160B280F6F7E00C0D376 /* mememaker */,
			);
		};
/* End PBXProject section */

/* Begin PBXResourcesBuildPhase section */
		641B160A280F6F7E00C0D376 /* Resources */ = {
			isa = PBXResourcesBuildPhase;
			buildActionMask = 2147483647;
			files = (
				641B161C280F6F7F00C0D376 /* LaunchScreen.storyboard in Resources */,
				641B1619280F6F7F00C0D376 /* Assets.xcassets in Resources */,
				641B1617280F6F7E00C0D376 /* Main.storyboard in Resources */,
			);
			runOnlyForDeploymentPostprocessing = 0;
		};
/* End PBXResourcesBuildPhase section */

/* Begin PBXSourcesBuildPhase section */
		641B1608280F6F7E00C0D376 /* Sources */ = {
			isa = PBXSourcesBuildPhase;
			buildActionMask = 2147483647;
			files = (
				641B1614280F6F7E00C0D376 /* ViewController.swift in Sources */,
				641B1624280F798300C0D376 /* CaptionOption.swift in Sources */,
				641B1610280F6F7E00C0D376 /* AppDelegate.swift in Sources */,
				641B1612280F6F7E00C0D376 /* SceneDelegate.swift in Sources */,
			);
			runOnlyForDeploymentPostprocessing = 0;
		};
/* End PBXSourcesBuildPhase section */

/* Begin PBXVariantGroup section */
		641B1615280F6F7E00C0D376 /* Main.storyboard */ = {
			isa = PBXVariantGroup;
			children = (
				641B1616280F6F7E00C0D376 /* Base */,
			);
			name = Main.storyboard;
			sourceTree = "<group>";
		};
		641B161A280F6F7F00C0D376 /* LaunchScreen.storyboard */ = {
			isa = PBXVariantGroup;
			children = (
				641B161B280F6F7F00C0D376 /* Base */,
			);
			name = LaunchScreen.storyboard;
			sourceTree = "<group>";
		};
/* End PBXVariantGroup section */

/* Begin XCBuildConfiguration section */
		641B161E280F6F7F00C0D376 /* Debug */ = {
			isa = XCBuildConfiguration;
			buildSettings = {
				ALWAYS_SEARCH_USER_PATHS = NO;
				CLANG_ANALYZER_NONNULL = YES;
				CLANG_ANALYZER_NUMBER_OBJECT_CONVERSION = YES_AGGRESSIVE;
				CLANG_CXX_LANGUAGE_STANDARD = "gnu++14";
				CLANG_CXX_LIBRARY = "libc++";
				CLANG_ENABLE_MODULES = YES;
				CLANG_ENABLE_OBJC_ARC = YES;
				CLANG_ENABLE_OBJC_WEAK = YES;
				CLANG_WARN_BLOCK_CAPTURE_AUTORELEASING = YES;
				CLANG_WARN_BOOL_CONVERSION = YES;
				CLANG_WARN_COMMA = YES;
				CLANG_WARN_CONSTANT_CONVERSION = YES;
				CLANG_WARN_DEPRECATED_OBJC_IMPLEMENTATIONS = YES;
				CLANG_WARN_DIRECT_OBJC_ISA_USAGE = YES_ERROR;
				CLANG_WARN_DOCUMENTATION_COMMENTS = YES;
				CLANG_WARN_EMPTY_BODY = YES;
				CLANG_WARN_ENUM_CONVERSION = YES;
				CLANG_WARN_INFINITE_RECURSION = YES;
				CLANG_WARN_INT_CONVERSION = YES;
				CLANG_WARN_NON_LITERAL_NULL_CONVERSION = YES;
				CLANG_WARN_OBJC_IMPLICIT_RETAIN_SELF = YES;
				CLANG_WARN_OBJC_LITERAL_CONVERSION = YES;
				CLANG_WARN_OBJC_ROOT_CLASS = YES_ERROR;
				CLANG_WARN_RANGE_LOOP_ANALYSIS = YES;
				CLANG_WARN_STRICT_PROTOTYPES = YES;
				CLANG_WARN_SUSPICIOUS_MOVE = YES;
				CLANG_WARN_UNGUARDED_AVAILABILITY = YES_AGGRESSIVE;
				CLANG_WARN_UNREACHABLE_CODE = YES;
				CLANG_WARN__DUPLICATE_METHOD_MATCH = YES;
				COPY_PHASE_STRIP = NO;
				DEBUG_INFORMATION_FORMAT = dwarf;
				ENABLE_STRICT_OBJC_MSGSEND = YES;
				ENABLE_TESTABILITY = YES;
				GCC_C_LANGUAGE_STANDARD = gnu11;
				GCC_DYNAMIC_NO_PIC = NO;
				GCC_NO_COMMON_BLOCKS = YES;
				GCC_OPTIMIZATION_LEVEL = 0;
				GCC_PREPROCESSOR_DEFINITIONS = (
					"DEBUG=1",
					"$(inherited)",
				);
				GCC_WARN_64_TO_32_BIT_CONVERSION = YES;
				GCC_WARN_ABOUT_RETURN_TYPE = YES_ERROR;
				GCC_WARN_UNDECLARED_SELECTOR = YES;
				GCC_WARN_UNINITIALIZED_AUTOS = YES_AGGRESSIVE;
				GCC_WARN_UNUSED_FUNCTION = YES;
				GCC_WARN_UNUSED_VARIABLE = YES;
				IPHONEOS_DEPLOYMENT_TARGET = 13.2;
				MTL_ENABLE_DEBUG_INFO = INCLUDE_SOURCE;
				MTL_FAST_MATH = YES;
				ONLY_ACTIVE_ARCH = YES;
				SDKROOT = iphoneos;
				SWIFT_ACTIVE_COMPILATION_CONDITIONS = DEBUG;
				SWIFT_OPTIMIZATION_LEVEL = "-Onone";
			};
			name = Debug;
		};
		641B161F280F6F7F00C0D376 /* Release */ = {
			isa = XCBuildConfiguration;
			buildSettings = {
				ALWAYS_SEARCH_USER_PATHS = NO;
				CLANG_ANALYZER_NONNULL = YES;
				CLANG_ANALYZER_NUMBER_OBJECT_CONVERSION = YES_AGGRESSIVE;
				CLANG_CXX_LANGUAGE_STANDARD = "gnu++14";
				CLANG_CXX_LIBRARY = "libc++";
				CLANG_ENABLE_MODULES = YES;
				CLANG_ENABLE_OBJC_ARC = YES;
				CLANG_ENABLE_OBJC_WEAK = YES;
				CLANG_WARN_BLOCK_CAPTURE_AUTORELEASING = YES;
				CLANG_WARN_BOOL_CONVERSION = YES;
				CLANG_WARN_COMMA = YES;
				CLANG_WARN_CONSTANT_CONVERSION = YES;
				CLANG_WARN_DEPRECATED_OBJC_IMPLEMENTATIONS = YES;
				CLANG_WARN_DIRECT_OBJC_ISA_USAGE = YES_ERROR;
				CLANG_WARN_DOCUMENTATION_COMMENTS = YES;
				CLANG_WARN_EMPTY_BODY = YES;
				CLANG_WARN_ENUM_CONVERSION = YES;
				CLANG_WARN_INFINITE_RECURSION = YES;
				CLANG_WARN_INT_CONVERSION = YES;
				CLANG_WARN_NON_LITERAL_NULL_CONVERSION = YES;
				CLANG_WARN_OBJC_IMPLICIT_RETAIN_SELF = YES;
				CLANG_WARN_OBJC_LITERAL_CONVERSION = YES;
				CLANG_WARN_OBJC_ROOT_CLASS = YES_ERROR;
				CLANG_WARN_RANGE_LOOP_ANALYSIS = YES;
				CLANG_WARN_STRICT_PROTOTYPES = YES;
				CLANG_WARN_SUSPICIOUS_MOVE = YES;
				CLANG_WARN_UNGUARDED_AVAILABILITY = YES_AGGRESSIVE;
				CLANG_WARN_UNREACHABLE_CODE = YES;
				CLANG_WARN__DUPLICATE_METHOD_MATCH = YES;
				COPY_PHASE_STRIP = NO;
				DEBUG_INFORMATION_FORMAT = "dwarf-with-dsym";
				ENABLE_NS_ASSERTIONS = NO;
				ENABLE_STRICT_OBJC_MSGSEND = YES;
				GCC_C_LANGUAGE_STANDARD = gnu11;
				GCC_NO_COMMON_BLOCKS = YES;
				GCC_WARN_64_TO_32_BIT_CONVERSION = YES;
				GCC_WARN_ABOUT_RETURN_TYPE = YES_ERROR;
				GCC_WARN_UNDECLARED_SELECTOR = YES;
				GCC_WARN_UNINITIALIZED_AUTOS = YES_AGGRESSIVE;
				GCC_WARN_UNUSED_FUNCTION = YES;
				GCC_WARN_UNUSED_VARIABLE = YES;
				IPHONEOS_DEPLOYMENT_TARGET = 13.2;
				MTL_ENABLE_DEBUG_INFO = NO;
				MTL_FAST_MATH = YES;
				SDKROOT = iphoneos;
				SWIFT_COMPILATION_MODE = wholemodule;
				SWIFT_OPTIMIZATION_LEVEL = "-O";
				VALIDATE_PRODUCT = YES;
			};
			name = Release;
		};
		641B1621280F6F7F00C0D376 /* Debug */ = {
			isa = XCBuildConfiguration;
			buildSettings = {
				ASSETCATALOG_COMPILER_APPICON_NAME = AppIcon;
				CODE_SIGN_STYLE = Automatic;
				INFOPLIST_FILE = mememaker/Info.plist;
				LD_RUNPATH_SEARCH_PATHS = (
					"$(inherited)",
					"@executable_path/Frameworks",
				);
				PRODUCT_BUNDLE_IDENTIFIER = com.exemplo.mememaker;
				PRODUCT_NAME = "$(TARGET_NAME)";
				SWIFT_VERSION = 5.0;
				TARGETED_DEVICE_FAMILY = "1,2";
			};
			name = Debug;
		};
		641B1622280F6F7F00C0D376 /* Release */ = {
			isa = XCBuildConfiguration;
			buildSettings = {
				ASSETCATALOG_COMPILER_APPICON_NAME = AppIcon;
				CODE_SIGN_STYLE = Automatic;
				INFOPLIST_FILE = mememaker/Info.plist;
				LD_RUNPATH_SEARCH_PATHS = (
					"$(inherited)",
					"@executable_path/Frameworks",
				);
				PRODUCT_BUNDLE_IDENTIFIER = com.exemplo.mememaker;
				PRODUCT_NAME = "$(TARGET_NAME)";
				SWIFT_VERSION = 5.0;
				TARGETED_DEVICE_FAMILY = "1,2";
			};
			name = Release;
		};
/* End XCBuildConfiguration section */

/* Begin XCConfigurationList section */
		641B1607280F6F7E00C0D376 /* Build configuration list for PBXProject "mememaker" */ = {
			isa = XCConfigurationList;
			buildConfigurations = (
				641B161E280F6F7F00C0D376 /* Debug */,
				641B161F280F6F7F00C0D376 /* Release */,
			);
			defaultConfigurationIsVisible = 0;
			defaultConfigurationName = Release;
		};
		641B1620280F6F7F00C0D376 /* Build configuration list for PBXNativeTarget "mememaker" */ = {
			isa = XCConfigurationList;
			buildConfigurations = (
				641B1621280F6F7F00C0D376 /* Debug */,
				641B1622280F6F7F00C0D376 /* Release */,
			);
			defaultConfigurationIsVisible = 0;
			defaultConfigurationName = Release;
		};
/* End XCConfigurationList section */
	};
	rootObject = 641B1604280F6F7E00C0D376 /* Project object */;
}
